
Microsoft Visual Studio Solution File, Format Version 12.00
# Visual Studio Version 17
VisualStudioVersion = 17.3.32811.315
MinimumVisualStudioVersion = 10.0.40219.1
Project("{FAE04EC0-301F-11D3-BF4B-00C04F79EFBC}") = "EventsDemo", "EventsDemo\EventsDemo.csproj", "{03848A3A-E6F7-44CA-8C53-608224F58B14}"
EndProject
Global
	GlobalSection(SolutionConfigurationPlatforms) = preSolution
		Debug|Any CPU = Debug|Any CPU
		Release|Any CPU = Release|Any CPU
	EndGlobalSection
	GlobalSection(ProjectConfigurationPlatforms) = postSolution
		{03848A3A-E6F7-44CA-8C53-608224F58B14}.Debug|Any CPU.ActiveCfg = Debug|Any CPU
		{03848A3A-E6F7-44CA-8C53-608224F58B14}.Debug|Any CPU.Build.0 = Debug|Any CPU
		{03848A3A-E6F7-44CA-8C53-608224F58B14}.Release|Any CPU.ActiveCfg = Release|Any CPU
		{03848A3A-E6F7-44CA-8C53-608224F58B14}.Release|Any CPU.Build.0 = Release|Any CPU
	EndGlobalSection
	GlobalSection(SolutionProperties) = preSolution
		HideSolutionNode = FALSE
	EndGlobalSection
	GlobalSection(ExtensibilityGlobals) = postSolution
		SolutionGuid = {FDE4E60D-9CF8-4D2E-8C1D-F1D4B14D195F}
	EndGlobalSection
EndGlobal
